
Microsoft Visual Studio Solution File, Format Version 12.00
Project("{2150E333-8FDC-42A3-9474-1A3956D46DE8}") = ".dev-tools", ".dev-tools", "{EEF7820D-10E1-4D6F-A56E-33C2DCB7A6EF}"
	ProjectSection(SolutionItems) = preProject
		Directory.Packages.props = Directory.Packages.props
	EndProjectSection
EndProject
Project("{2150E333-8FDC-42A3-9474-1A3956D46DE8}") = "src", "src", "{7304F551-466C-4016-A729-CDA819CE9983}"
EndProject
Project("{2150E333-8FDC-42A3-9474-1A3956D46DE8}") = "tests", "tests", "{56F59020-E2A2-4187-A847-5CF479A5BFD4}"
EndProject
Project("{2150E333-8FDC-42A3-9474-1A3956D46DE8}") = "Server", "Server", "{EB00BE10-6020-4E39-A00F-C202A0165920}"
EndProject
Project("{2150E333-8FDC-42A3-9474-1A3956D46DE8}") = "web", "web", "{C5914BEF-3CBF-428C-9B1B-AD371CD2D5D4}"
	ProjectSection(SolutionItems) = preProject
		package.json = package.json
		tailwind.config.js = tailwind.config.js
		tsconfig.json = tsconfig.json
		webpack.config.js = webpack.config.js
	EndProjectSection
EndProject
Project("{2150E333-8FDC-42A3-9474-1A3956D46DE8}") = "Kiota", "Kiota", "{B7C12299-7FB3-488E-89FB-B30DDB7480B3}"
EndProject
Project("{FAE04EC0-301F-11D3-BF4B-00C04F79EFBC}") = "InfiniLore.Kiota", "src\InfiniLore.Kiota\InfiniLore.Kiota.csproj", "{9081D485-0279-4D05-BD39-2F427C35F79A}"
EndProject
Project("{FAE04EC0-301F-11D3-BF4B-00C04F79EFBC}") = "Tools.InfiniLore", "tools\Tools.InfiniLore\Tools.InfiniLore.csproj", "{3827E79C-C5A8-4C5E-A0D9-09F28DB745C3}"
EndProject
Project("{FAE04EC0-301F-11D3-BF4B-00C04F79EFBC}") = "InfiniLore.Server", "src\InfiniLore.Server\InfiniLore.Server.csproj", "{007B534C-DA38-4402-9C7F-F9C5FCCF20CC}"
EndProject
Project("{FAE04EC0-301F-11D3-BF4B-00C04F79EFBC}") = "InfiniLore.Wasm", "src\InfiniLore.Wasm\InfiniLore.Wasm.csproj", "{DC28E2A2-BE12-42C2-A547-115E172D7DE1}"
EndProject
Project("{FAE04EC0-301F-11D3-BF4B-00C04F79EFBC}") = "InfiniLore.Server.Contracts", "src\InfiniLore.Server.Contracts\InfiniLore.Server.Contracts.csproj", "{01FDB0C5-85E7-41F9-8F00-82F3025FC46A}"
EndProject
Project("{FAE04EC0-301F-11D3-BF4B-00C04F79EFBC}") = "InfiniLore.Wasm.Contracts", "src\InfiniLore.Wasm.Contracts\InfiniLore.Wasm.Contracts.csproj", "{72ED6C62-941D-435C-9800-0AC9A99B2916}"
EndProject
Project("{2150E333-8FDC-42A3-9474-1A3956D46DE8}") = "Wasm", "Wasm", "{384A7293-F528-45B4-9BCB-6BAB8995ACDF}"
EndProject
Project("{FAE04EC0-301F-11D3-BF4B-00C04F79EFBC}") = "InfiniLore.Server.Database", "src\InfiniLore.Server.Database\InfiniLore.Server.Database.csproj", "{52D15B5E-1BCF-4346-B4A0-14AEA39F2E7B}"
EndProject
Project("{FAE04EC0-301F-11D3-BF4B-00C04F79EFBC}") = "Tools.InfiniLore.Server.Database.EFC.Content", "src\Tools.InfiniLore.Server.Database.EFC.Content\Tools.InfiniLore.Server.Database.EFC.Content.csproj", "{CF14A158-1E2A-4ECA-8D7E-84462084CE17}"
EndProject
Project("{FAE04EC0-301F-11D3-BF4B-00C04F79EFBC}") = "Tests.InfiniLore.Server.Database", "tests\Tests.InfiniLore.Server.Database\Tests.InfiniLore.Server.Database.csproj", "{344ED333-E42B-48C3-9103-8C0D60831399}"
EndProject
Project("{FAE04EC0-301F-11D3-BF4B-00C04F79EFBC}") = "Substitutes.InfiniLore.Server", "tests\Substitutes.InfiniLore.Server\Substitutes.InfiniLore.Server.csproj", "{6F28D5FC-A9D9-4081-9F30-16C4A99B0DE9}"
EndProject
Project("{FAE04EC0-301F-11D3-BF4B-00C04F79EFBC}") = "Fakers.InfiniLore.Server", "tests\Fakers.InfiniLore.Server\Fakers.InfiniLore.Server.csproj", "{A7310182-46AF-46FA-8FA8-FF45A6B0841F}"
EndProject
Project("{FAE04EC0-301F-11D3-BF4B-00C04F79EFBC}") = "DataSources.InfiniLore.Server", "tests\DataSources.InfiniLore.Server\DataSources.InfiniLore.Server.csproj", "{9ECD56DC-A2B3-484B-8925-13CA25E2B723}"
EndProject
Project("{2150E333-8FDC-42A3-9474-1A3956D46DE8}") = "Shared", "Shared", "{73AF94AD-722A-4B4F-8425-00AFB9FBE866}"
EndProject
Project("{FAE04EC0-301F-11D3-BF4B-00C04F79EFBC}") = "InfiniLore.Shared", "src\InfiniLore.Shared\InfiniLore.Shared.csproj", "{327648F4-E7BA-4185-9E77-4CA1E48CC895}"
EndProject
Project("{FAE04EC0-301F-11D3-BF4B-00C04F79EFBC}") = "Tools.InfiniLore.Auth0", "tools\Tools.InfiniLore.Auth0\Tools.InfiniLore.Auth0.csproj", "{859E6C9D-2EEB-485C-9735-9A3CA484A3DA}"
EndProject
Project("{FAE04EC0-301F-11D3-BF4B-00C04F79EFBC}") = "InfiniLore.Shared.Contracts", "src\InfiniLore.Shared.Contracts\InfiniLore.Shared.Contracts.csproj", "{DC28BF56-9489-40DD-876A-47FEA935369D}"
EndProject
Project("{FAE04EC0-301F-11D3-BF4B-00C04F79EFBC}") = "InfiniLore.Kiota.Extensions", "src\InfiniLore.Kiota.Extensions\InfiniLore.Kiota.Extensions.csproj", "{8D707686-342B-495D-A85D-F577B1AB6800}"
EndProject
Project("{2150E333-8FDC-42A3-9474-1A3956D46DE8}") = "github", "github", "{58968158-6202-497E-A70A-E64027AA5B7B}"
	ProjectSection(SolutionItems) = preProject
		.github\workflows\release.yml = .github\workflows\release.yml
		.github\workflows\onPullRequest-TestDotnet.yml = .github\workflows\onPullRequest-TestDotnet.yml
	EndProjectSection
EndProject
Project("{2150E333-8FDC-42A3-9474-1A3956D46DE8}") = "Modules", "Modules", "{4390246B-F6EB-49D7-A057-F7370113D72B}"
EndProject
Project("{FAE04EC0-301F-11D3-BF4B-00C04F79EFBC}") = "InfiniLore.Server.Modules.LoreScopes", "src\InfiniLore.Server.Modules.LoreScopes\InfiniLore.Server.Modules.LoreScopes.csproj", "{C3B5A812-65FB-4131-94A7-A8AD54FDFFF8}"
EndProject
Project("{FAE04EC0-301F-11D3-BF4B-00C04F79EFBC}") = "InfiniLore.Server.Modules.Core", "src\InfiniLore.Server.Modules.Core\InfiniLore.Server.Modules.Core.csproj", "{0C745EF4-A4BE-4DEA-860D-54F754A079BD}"
EndProject
Project("{FAE04EC0-301F-11D3-BF4B-00C04F79EFBC}") = "InfiniLore.Server.Modules.Core.Contracts", "src\InfiniLore.Server.Modules.Core.Contracts\InfiniLore.Server.Modules.Core.Contracts.csproj", "{4441D8CD-C197-41F0-9838-937E74200681}"
EndProject
Project("{FAE04EC0-301F-11D3-BF4B-00C04F79EFBC}") = "InfiniLore.Server.Modules.LoreScopes.Contracts", "src\InfiniLore.Server.Modules.LoreScopes.Contracts\InfiniLore.Server.Modules.LoreScopes.Contracts.csproj", "{D955FA17-3B7E-48C7-9B35-D810525C5821}"
EndProject
Project("{2150E333-8FDC-42A3-9474-1A3956D46DE8}") = "Modules", "Modules", "{DB5921E1-E1F2-4A55-904D-4462BE97C326}"
EndProject
Project("{FAE04EC0-301F-11D3-BF4B-00C04F79EFBC}") = "Test.InfiniLore.Server.Modules.Core", "tests\Test.InfiniLore.Server.Modules.Core\Test.InfiniLore.Server.Modules.Core.csproj", "{42F4EACC-7FCC-440B-B34F-DBFAB28C9EF8}"
EndProject
Project("{FAE04EC0-301F-11D3-BF4B-00C04F79EFBC}") = "InfiniLore.Shared.Modules.Core", "src\InfiniLore.Shared.Modules.Core\InfiniLore.Shared.Modules.Core.csproj", "{E212CF65-4DC1-443D-BFEC-6755DE9B5F7C}"
EndProject
Project("{2150E333-8FDC-42A3-9474-1A3956D46DE8}") = "Core", "Core", "{42683F79-9091-4617-B46F-53069E1C6F8B}"
EndProject
Project("{2150E333-8FDC-42A3-9474-1A3956D46DE8}") = "LoreScopes", "LoreScopes", "{0EF8306D-41E1-46D7-B890-278D2C4E10DC}"
EndProject
Project("{FAE04EC0-301F-11D3-BF4B-00C04F79EFBC}") = "InfiniLore.Shared.Modules.LoreScopes", "src\InfiniLore.Shared.Modules.LoreScopes\InfiniLore.Shared.Modules.LoreScopes.csproj", "{DF9F1CB3-75ED-41AF-9A0F-F0F69267DB52}"
EndProject
Project("{FAE04EC0-301F-11D3-BF4B-00C04F79EFBC}") = "InfiniLore.Wasm.Modules.Core", "src\InfiniLore.Wasm.Modules.Core\InfiniLore.Wasm.Modules.Core.csproj", "{84607F06-1F4C-4CBB-BBBD-79F46DD46E56}"
EndProject
Project("{FAE04EC0-301F-11D3-BF4B-00C04F79EFBC}") = "InfiniLore.Wasm.Modules.LoreScopes", "src\InfiniLore.Wasm.Modules.LoreScopes\InfiniLore.Wasm.Modules.LoreScopes.csproj", "{4821C71E-67E4-4FDB-B748-672E2F1E1BC6}"
EndProject
Project("{FAE04EC0-301F-11D3-BF4B-00C04F79EFBC}") = "InfiniLore.Server.Cli", "src\InfiniLore.Server.Cli\InfiniLore.Server.Cli.csproj", "{A7B68546-67DE-4016-AFEE-B8A6ECA040C6}"
EndProject
Project("{FAE04EC0-301F-11D3-BF4B-00C04F79EFBC}") = "InfiniLore.Server.SourceGenerators", "src\InfiniLore.Server.SourceGenerators\InfiniLore.Server.SourceGenerators.csproj", "{C3800ADF-ED2A-400E-B5F3-091045A0255D}"
EndProject
Global
	GlobalSection(SolutionConfigurationPlatforms) = preSolution
		Debug|Any CPU = Debug|Any CPU
		Release|Any CPU = Release|Any CPU
	EndGlobalSection
	GlobalSection(ProjectConfigurationPlatforms) = postSolution
		{9081D485-0279-4D05-BD39-2F427C35F79A}.Debug|Any CPU.ActiveCfg = Debug|Any CPU
		{9081D485-0279-4D05-BD39-2F427C35F79A}.Debug|Any CPU.Build.0 = Debug|Any CPU
		{9081D485-0279-4D05-BD39-2F427C35F79A}.Release|Any CPU.ActiveCfg = Release|Any CPU
		{9081D485-0279-4D05-BD39-2F427C35F79A}.Release|Any CPU.Build.0 = Release|Any CPU
		{3827E79C-C5A8-4C5E-A0D9-09F28DB745C3}.Debug|Any CPU.ActiveCfg = Debug|Any CPU
		{3827E79C-C5A8-4C5E-A0D9-09F28DB745C3}.Debug|Any CPU.Build.0 = Debug|Any CPU
		{3827E79C-C5A8-4C5E-A0D9-09F28DB745C3}.Release|Any CPU.ActiveCfg = Release|Any CPU
		{3827E79C-C5A8-4C5E-A0D9-09F28DB745C3}.Release|Any CPU.Build.0 = Release|Any CPU
		{007B534C-DA38-4402-9C7F-F9C5FCCF20CC}.Debug|Any CPU.ActiveCfg = Debug|Any CPU
		{007B534C-DA38-4402-9C7F-F9C5FCCF20CC}.Debug|Any CPU.Build.0 = Debug|Any CPU
		{007B534C-DA38-4402-9C7F-F9C5FCCF20CC}.Release|Any CPU.ActiveCfg = Release|Any CPU
		{007B534C-DA38-4402-9C7F-F9C5FCCF20CC}.Release|Any CPU.Build.0 = Release|Any CPU
		{DC28E2A2-BE12-42C2-A547-115E172D7DE1}.Debug|Any CPU.ActiveCfg = Debug|Any CPU
		{DC28E2A2-BE12-42C2-A547-115E172D7DE1}.Debug|Any CPU.Build.0 = Debug|Any CPU
		{DC28E2A2-BE12-42C2-A547-115E172D7DE1}.Release|Any CPU.ActiveCfg = Release|Any CPU
		{DC28E2A2-BE12-42C2-A547-115E172D7DE1}.Release|Any CPU.Build.0 = Release|Any CPU
		{01FDB0C5-85E7-41F9-8F00-82F3025FC46A}.Debug|Any CPU.ActiveCfg = Debug|Any CPU
		{01FDB0C5-85E7-41F9-8F00-82F3025FC46A}.Debug|Any CPU.Build.0 = Debug|Any CPU
		{01FDB0C5-85E7-41F9-8F00-82F3025FC46A}.Release|Any CPU.ActiveCfg = Release|Any CPU
		{01FDB0C5-85E7-41F9-8F00-82F3025FC46A}.Release|Any CPU.Build.0 = Release|Any CPU
		{72ED6C62-941D-435C-9800-0AC9A99B2916}.Debug|Any CPU.ActiveCfg = Debug|Any CPU
		{72ED6C62-941D-435C-9800-0AC9A99B2916}.Debug|Any CPU.Build.0 = Debug|Any CPU
		{72ED6C62-941D-435C-9800-0AC9A99B2916}.Release|Any CPU.ActiveCfg = Release|Any CPU
		{72ED6C62-941D-435C-9800-0AC9A99B2916}.Release|Any CPU.Build.0 = Release|Any CPU
		{52D15B5E-1BCF-4346-B4A0-14AEA39F2E7B}.Debug|Any CPU.ActiveCfg = Debug|Any CPU
		{52D15B5E-1BCF-4346-B4A0-14AEA39F2E7B}.Debug|Any CPU.Build.0 = Debug|Any CPU
		{52D15B5E-1BCF-4346-B4A0-14AEA39F2E7B}.Release|Any CPU.ActiveCfg = Release|Any CPU
		{52D15B5E-1BCF-4346-B4A0-14AEA39F2E7B}.Release|Any CPU.Build.0 = Release|Any CPU
		{CF14A158-1E2A-4ECA-8D7E-84462084CE17}.Debug|Any CPU.ActiveCfg = Debug|Any CPU
		{CF14A158-1E2A-4ECA-8D7E-84462084CE17}.Debug|Any CPU.Build.0 = Debug|Any CPU
		{CF14A158-1E2A-4ECA-8D7E-84462084CE17}.Release|Any CPU.ActiveCfg = Release|Any CPU
		{CF14A158-1E2A-4ECA-8D7E-84462084CE17}.Release|Any CPU.Build.0 = Release|Any CPU
		{344ED333-E42B-48C3-9103-8C0D60831399}.Debug|Any CPU.ActiveCfg = Debug|Any CPU
		{344ED333-E42B-48C3-9103-8C0D60831399}.Debug|Any CPU.Build.0 = Debug|Any CPU
		{344ED333-E42B-48C3-9103-8C0D60831399}.Release|Any CPU.ActiveCfg = Release|Any CPU
		{344ED333-E42B-48C3-9103-8C0D60831399}.Release|Any CPU.Build.0 = Release|Any CPU
		{6F28D5FC-A9D9-4081-9F30-16C4A99B0DE9}.Debug|Any CPU.ActiveCfg = Debug|Any CPU
		{6F28D5FC-A9D9-4081-9F30-16C4A99B0DE9}.Debug|Any CPU.Build.0 = Debug|Any CPU
		{6F28D5FC-A9D9-4081-9F30-16C4A99B0DE9}.Release|Any CPU.ActiveCfg = Release|Any CPU
		{6F28D5FC-A9D9-4081-9F30-16C4A99B0DE9}.Release|Any CPU.Build.0 = Release|Any CPU
		{A7310182-46AF-46FA-8FA8-FF45A6B0841F}.Debug|Any CPU.ActiveCfg = Debug|Any CPU
		{A7310182-46AF-46FA-8FA8-FF45A6B0841F}.Debug|Any CPU.Build.0 = Debug|Any CPU
		{A7310182-46AF-46FA-8FA8-FF45A6B0841F}.Release|Any CPU.ActiveCfg = Release|Any CPU
		{A7310182-46AF-46FA-8FA8-FF45A6B0841F}.Release|Any CPU.Build.0 = Release|Any CPU
		{9ECD56DC-A2B3-484B-8925-13CA25E2B723}.Debug|Any CPU.ActiveCfg = Debug|Any CPU
		{9ECD56DC-A2B3-484B-8925-13CA25E2B723}.Debug|Any CPU.Build.0 = Debug|Any CPU
		{9ECD56DC-A2B3-484B-8925-13CA25E2B723}.Release|Any CPU.ActiveCfg = Release|Any CPU
		{9ECD56DC-A2B3-484B-8925-13CA25E2B723}.Release|Any CPU.Build.0 = Release|Any CPU
		{327648F4-E7BA-4185-9E77-4CA1E48CC895}.Debug|Any CPU.ActiveCfg = Debug|Any CPU
		{327648F4-E7BA-4185-9E77-4CA1E48CC895}.Debug|Any CPU.Build.0 = Debug|Any CPU
		{327648F4-E7BA-4185-9E77-4CA1E48CC895}.Release|Any CPU.ActiveCfg = Release|Any CPU
		{327648F4-E7BA-4185-9E77-4CA1E48CC895}.Release|Any CPU.Build.0 = Release|Any CPU
		{859E6C9D-2EEB-485C-9735-9A3CA484A3DA}.Debug|Any CPU.ActiveCfg = Debug|Any CPU
		{859E6C9D-2EEB-485C-9735-9A3CA484A3DA}.Debug|Any CPU.Build.0 = Debug|Any CPU
		{859E6C9D-2EEB-485C-9735-9A3CA484A3DA}.Release|Any CPU.ActiveCfg = Release|Any CPU
		{859E6C9D-2EEB-485C-9735-9A3CA484A3DA}.Release|Any CPU.Build.0 = Release|Any CPU
		{DC28BF56-9489-40DD-876A-47FEA935369D}.Debug|Any CPU.ActiveCfg = Debug|Any CPU
		{DC28BF56-9489-40DD-876A-47FEA935369D}.Debug|Any CPU.Build.0 = Debug|Any CPU
		{DC28BF56-9489-40DD-876A-47FEA935369D}.Release|Any CPU.ActiveCfg = Release|Any CPU
		{DC28BF56-9489-40DD-876A-47FEA935369D}.Release|Any CPU.Build.0 = Release|Any CPU
		{8D707686-342B-495D-A85D-F577B1AB6800}.Debug|Any CPU.ActiveCfg = Debug|Any CPU
		{8D707686-342B-495D-A85D-F577B1AB6800}.Debug|Any CPU.Build.0 = Debug|Any CPU
		{8D707686-342B-495D-A85D-F577B1AB6800}.Release|Any CPU.ActiveCfg = Release|Any CPU
		{8D707686-342B-495D-A85D-F577B1AB6800}.Release|Any CPU.Build.0 = Release|Any CPU
		{C3B5A812-65FB-4131-94A7-A8AD54FDFFF8}.Debug|Any CPU.ActiveCfg = Debug|Any CPU
		{C3B5A812-65FB-4131-94A7-A8AD54FDFFF8}.Debug|Any CPU.Build.0 = Debug|Any CPU
		{C3B5A812-65FB-4131-94A7-A8AD54FDFFF8}.Release|Any CPU.ActiveCfg = Release|Any CPU
		{C3B5A812-65FB-4131-94A7-A8AD54FDFFF8}.Release|Any CPU.Build.0 = Release|Any CPU
		{0C745EF4-A4BE-4DEA-860D-54F754A079BD}.Debug|Any CPU.ActiveCfg = Debug|Any CPU
		{0C745EF4-A4BE-4DEA-860D-54F754A079BD}.Debug|Any CPU.Build.0 = Debug|Any CPU
		{0C745EF4-A4BE-4DEA-860D-54F754A079BD}.Release|Any CPU.ActiveCfg = Release|Any CPU
		{0C745EF4-A4BE-4DEA-860D-54F754A079BD}.Release|Any CPU.Build.0 = Release|Any CPU
		{4441D8CD-C197-41F0-9838-937E74200681}.Debug|Any CPU.ActiveCfg = Debug|Any CPU
		{4441D8CD-C197-41F0-9838-937E74200681}.Debug|Any CPU.Build.0 = Debug|Any CPU
		{4441D8CD-C197-41F0-9838-937E74200681}.Release|Any CPU.ActiveCfg = Release|Any CPU
		{4441D8CD-C197-41F0-9838-937E74200681}.Release|Any CPU.Build.0 = Release|Any CPU
		{D955FA17-3B7E-48C7-9B35-D810525C5821}.Debug|Any CPU.ActiveCfg = Debug|Any CPU
		{D955FA17-3B7E-48C7-9B35-D810525C5821}.Debug|Any CPU.Build.0 = Debug|Any CPU
		{D955FA17-3B7E-48C7-9B35-D810525C5821}.Release|Any CPU.ActiveCfg = Release|Any CPU
		{D955FA17-3B7E-48C7-9B35-D810525C5821}.Release|Any CPU.Build.0 = Release|Any CPU
		{42F4EACC-7FCC-440B-B34F-DBFAB28C9EF8}.Debug|Any CPU.ActiveCfg = Debug|Any CPU
		{42F4EACC-7FCC-440B-B34F-DBFAB28C9EF8}.Debug|Any CPU.Build.0 = Debug|Any CPU
		{42F4EACC-7FCC-440B-B34F-DBFAB28C9EF8}.Release|Any CPU.ActiveCfg = Release|Any CPU
		{42F4EACC-7FCC-440B-B34F-DBFAB28C9EF8}.Release|Any CPU.Build.0 = Release|Any CPU
		{E212CF65-4DC1-443D-BFEC-6755DE9B5F7C}.Debug|Any CPU.ActiveCfg = Debug|Any CPU
		{E212CF65-4DC1-443D-BFEC-6755DE9B5F7C}.Debug|Any CPU.Build.0 = Debug|Any CPU
		{E212CF65-4DC1-443D-BFEC-6755DE9B5F7C}.Release|Any CPU.ActiveCfg = Release|Any CPU
		{E212CF65-4DC1-443D-BFEC-6755DE9B5F7C}.Release|Any CPU.Build.0 = Release|Any CPU
		{DF9F1CB3-75ED-41AF-9A0F-F0F69267DB52}.Debug|Any CPU.ActiveCfg = Debug|Any CPU
		{DF9F1CB3-75ED-41AF-9A0F-F0F69267DB52}.Debug|Any CPU.Build.0 = Debug|Any CPU
		{DF9F1CB3-75ED-41AF-9A0F-F0F69267DB52}.Release|Any CPU.ActiveCfg = Release|Any CPU
		{DF9F1CB3-75ED-41AF-9A0F-F0F69267DB52}.Release|Any CPU.Build.0 = Release|Any CPU
		{84607F06-1F4C-4CBB-BBBD-79F46DD46E56}.Debug|Any CPU.ActiveCfg = Debug|Any CPU
		{84607F06-1F4C-4CBB-BBBD-79F46DD46E56}.Debug|Any CPU.Build.0 = Debug|Any CPU
		{84607F06-1F4C-4CBB-BBBD-79F46DD46E56}.Release|Any CPU.ActiveCfg = Release|Any CPU
		{84607F06-1F4C-4CBB-BBBD-79F46DD46E56}.Release|Any CPU.Build.0 = Release|Any CPU
		{4821C71E-67E4-4FDB-B748-672E2F1E1BC6}.Debug|Any CPU.ActiveCfg = Debug|Any CPU
		{4821C71E-67E4-4FDB-B748-672E2F1E1BC6}.Debug|Any CPU.Build.0 = Debug|Any CPU
		{4821C71E-67E4-4FDB-B748-672E2F1E1BC6}.Release|Any CPU.ActiveCfg = Release|Any CPU
		{4821C71E-67E4-4FDB-B748-672E2F1E1BC6}.Release|Any CPU.Build.0 = Release|Any CPU
		{A7B68546-67DE-4016-AFEE-B8A6ECA040C6}.Debug|Any CPU.ActiveCfg = Debug|Any CPU
		{A7B68546-67DE-4016-AFEE-B8A6ECA040C6}.Debug|Any CPU.Build.0 = Debug|Any CPU
		{A7B68546-67DE-4016-AFEE-B8A6ECA040C6}.Release|Any CPU.ActiveCfg = Release|Any CPU
		{A7B68546-67DE-4016-AFEE-B8A6ECA040C6}.Release|Any CPU.Build.0 = Release|Any CPU
		{C3800ADF-ED2A-400E-B5F3-091045A0255D}.Debug|Any CPU.ActiveCfg = Debug|Any CPU
		{C3800ADF-ED2A-400E-B5F3-091045A0255D}.Debug|Any CPU.Build.0 = Debug|Any CPU
		{C3800ADF-ED2A-400E-B5F3-091045A0255D}.Release|Any CPU.ActiveCfg = Release|Any CPU
		{C3800ADF-ED2A-400E-B5F3-091045A0255D}.Release|Any CPU.Build.0 = Release|Any CPU
	EndGlobalSection
	GlobalSection(NestedProjects) = preSolution
		{EB00BE10-6020-4E39-A00F-C202A0165920} = {7304F551-466C-4016-A729-CDA819CE9983}
		{C5914BEF-3CBF-428C-9B1B-AD371CD2D5D4} = {EEF7820D-10E1-4D6F-A56E-33C2DCB7A6EF}
		{9081D485-0279-4D05-BD39-2F427C35F79A} = {B7C12299-7FB3-488E-89FB-B30DDB7480B3}
		{007B534C-DA38-4402-9C7F-F9C5FCCF20CC} = {EB00BE10-6020-4E39-A00F-C202A0165920}
		{DC28E2A2-BE12-42C2-A547-115E172D7DE1} = {384A7293-F528-45B4-9BCB-6BAB8995ACDF}
		{72ED6C62-941D-435C-9800-0AC9A99B2916} = {384A7293-F528-45B4-9BCB-6BAB8995ACDF}
		{344ED333-E42B-48C3-9103-8C0D60831399} = {56F59020-E2A2-4187-A847-5CF479A5BFD4}
		{327648F4-E7BA-4185-9E77-4CA1E48CC895} = {73AF94AD-722A-4B4F-8425-00AFB9FBE866}
		{DC28BF56-9489-40DD-876A-47FEA935369D} = {73AF94AD-722A-4B4F-8425-00AFB9FBE866}
		{3827E79C-C5A8-4C5E-A0D9-09F28DB745C3} = {EEF7820D-10E1-4D6F-A56E-33C2DCB7A6EF}
		{859E6C9D-2EEB-485C-9735-9A3CA484A3DA} = {EEF7820D-10E1-4D6F-A56E-33C2DCB7A6EF}
		{8D707686-342B-495D-A85D-F577B1AB6800} = {B7C12299-7FB3-488E-89FB-B30DDB7480B3}
		{58968158-6202-497E-A70A-E64027AA5B7B} = {EEF7820D-10E1-4D6F-A56E-33C2DCB7A6EF}
		{01FDB0C5-85E7-41F9-8F00-82F3025FC46A} = {EB00BE10-6020-4E39-A00F-C202A0165920}
		{9ECD56DC-A2B3-484B-8925-13CA25E2B723} = {56F59020-E2A2-4187-A847-5CF479A5BFD4}
		{A7310182-46AF-46FA-8FA8-FF45A6B0841F} = {56F59020-E2A2-4187-A847-5CF479A5BFD4}
		{6F28D5FC-A9D9-4081-9F30-16C4A99B0DE9} = {56F59020-E2A2-4187-A847-5CF479A5BFD4}
		{DB5921E1-E1F2-4A55-904D-4462BE97C326} = {56F59020-E2A2-4187-A847-5CF479A5BFD4}
		{42F4EACC-7FCC-440B-B34F-DBFAB28C9EF8} = {DB5921E1-E1F2-4A55-904D-4462BE97C326}
		{42683F79-9091-4617-B46F-53069E1C6F8B} = {4390246B-F6EB-49D7-A057-F7370113D72B}
		{0EF8306D-41E1-46D7-B890-278D2C4E10DC} = {4390246B-F6EB-49D7-A057-F7370113D72B}
		{0C745EF4-A4BE-4DEA-860D-54F754A079BD} = {42683F79-9091-4617-B46F-53069E1C6F8B}
		{4441D8CD-C197-41F0-9838-937E74200681} = {42683F79-9091-4617-B46F-53069E1C6F8B}
		{E212CF65-4DC1-443D-BFEC-6755DE9B5F7C} = {42683F79-9091-4617-B46F-53069E1C6F8B}
		{C3B5A812-65FB-4131-94A7-A8AD54FDFFF8} = {0EF8306D-41E1-46D7-B890-278D2C4E10DC}
		{D955FA17-3B7E-48C7-9B35-D810525C5821} = {0EF8306D-41E1-46D7-B890-278D2C4E10DC}
		{DF9F1CB3-75ED-41AF-9A0F-F0F69267DB52} = {0EF8306D-41E1-46D7-B890-278D2C4E10DC}
		{4390246B-F6EB-49D7-A057-F7370113D72B} = {7304F551-466C-4016-A729-CDA819CE9983}
		{84607F06-1F4C-4CBB-BBBD-79F46DD46E56} = {42683F79-9091-4617-B46F-53069E1C6F8B}
		{4821C71E-67E4-4FDB-B748-672E2F1E1BC6} = {0EF8306D-41E1-46D7-B890-278D2C4E10DC}
		{52D15B5E-1BCF-4346-B4A0-14AEA39F2E7B} = {EB00BE10-6020-4E39-A00F-C202A0165920}
		{CF14A158-1E2A-4ECA-8D7E-84462084CE17} = {EEF7820D-10E1-4D6F-A56E-33C2DCB7A6EF}
		{A7B68546-67DE-4016-AFEE-B8A6ECA040C6} = {EB00BE10-6020-4E39-A00F-C202A0165920}
		{C3800ADF-ED2A-400E-B5F3-091045A0255D} = {EB00BE10-6020-4E39-A00F-C202A0165920}
		{384A7293-F528-45B4-9BCB-6BAB8995ACDF} = {EB00BE10-6020-4E39-A00F-C202A0165920}
		{73AF94AD-722A-4B4F-8425-00AFB9FBE866} = {EB00BE10-6020-4E39-A00F-C202A0165920}
		{B7C12299-7FB3-488E-89FB-B30DDB7480B3} = {7304F551-466C-4016-A729-CDA819CE9983}
	EndGlobalSection
EndGlobal
