<Solution>
  <Configurations>
    <Platform Name="Any CPU" />
    <Platform Name="x64" />
    <Platform Name="x86" />
  </Configurations>
  <Folder Name="/.dev-tools/">
    <File Path="Directory.Packages.props" />
    <File Path="README.md" />
  </Folder>
  <Folder Name="/.dev-tools/web/">
    <File Path="package.json" />
    <File Path="tsconfig.json" />
    <File Path="webpack.config.js" />
  </Folder>
  <Folder Name="/src/" />
  <Folder Name="/src/applications/">
    <Project Path="src\InfiniLore.InfiniLore.Application.Desktop\InfiniLore.InfiniLore.Application.Desktop.csproj" Type="Classic C#">
      <Configuration Solution="Debug|x64" Project="Debug|Any CPU" />
      <Configuration Solution="Debug|x86" Project="Debug|Any CPU" />
      <Configuration Solution="Release|x64" Project="Release|Any CPU" />
      <Configuration Solution="Release|x86" Project="Release|Any CPU" />
    </Project>
    <Project Path="src\InfiniLore.InfiniLore.Application.WebServer\InfiniLore.InfiniLore.Application.WebServer.csproj" Type="Classic C#">
      <Configuration Solution="Debug|x64" Project="Debug|Any CPU" />
      <Configuration Solution="Debug|x86" Project="Debug|Any CPU" />
      <Configuration Solution="Release|x64" Project="Release|Any CPU" />
      <Configuration Solution="Release|x86" Project="Release|Any CPU" />
    </Project>
  </Folder>
  <Folder Name="/src/core/">
    <Project Path="src\InfiniLore.InfiniLore.Core\InfiniLore.InfiniLore.Core.csproj" Type="Classic C#">
      <Configuration Solution="Debug|x64" Project="Debug|Any CPU" />
      <Configuration Solution="Debug|x86" Project="Debug|Any CPU" />
      <Configuration Solution="Release|x64" Project="Release|Any CPU" />
      <Configuration Solution="Release|x86" Project="Release|Any CPU" />
    </Project>
  </Folder>
</Solution>