<Solution>
  <Configurations>
    <Platform Name="Any CPU" />
    <Platform Name="x64" />
    <Platform Name="x86" />
  </Configurations>
  <Folder Name="/.dev-tools/">
    <File Path="Directory.Packages.props" />
    <File Path="global.json" />
    <File Path="README.md" />
  </Folder>
  <Folder Name="/.dev-tools/web/">
    <File Path="package-lock.json" />
    <File Path="package.json" />
    <File Path="tsconfig.json" />
    <File Path="webpack.config.js" />
  </Folder>
  <Folder Name="/src/">
    <File Path="src\Directory.Build.props" />
  </Folder>
  <Folder Name="/src/applications/">
    <Project Path="src\application\InfiniLore.Application.CLI\InfiniLore.Application.CLI.csproj">
      <Configuration Solution="Debug|x64" Project="Debug|Any CPU" />
      <Configuration Solution="Debug|x86" Project="Debug|Any CPU" />
      <Configuration Solution="Release|x64" Project="Release|Any CPU" />
      <Configuration Solution="Release|x86" Project="Release|Any CPU" />
    </Project>
    <Project Path="src\application\InfiniLore.Application.Desktop\InfiniLore.Application.Desktop.csproj">
      <Configuration Solution="Debug|x64" Project="Debug|Any CPU" />
      <Configuration Solution="Debug|x86" Project="Debug|Any CPU" />
      <Configuration Solution="Release|x64" Project="Release|Any CPU" />
      <Configuration Solution="Release|x86" Project="Release|Any CPU" />
    </Project>
    <Project Path="src\application\InfiniLore.Application.WebServer\InfiniLore.Application.WebServer.csproj">
      <Configuration Solution="Debug|x64" Project="Debug|Any CPU" />
      <Configuration Solution="Debug|x86" Project="Debug|Any CPU" />
      <Configuration Solution="Release|x64" Project="Release|Any CPU" />
      <Configuration Solution="Release|x86" Project="Release|Any CPU" />
    </Project>
  </Folder>
  <Folder Name="/src/core/">
    <Project Path="src\core\InfiniLore.Core.Messaging\InfiniLore.Core.Messaging.csproj" />
    <File Path="src/core/Directory.Build.props" />
    <Project Path="src\core\InfiniLore.Core.Database\InfiniLore.Core.Database.csproj">
      <Configuration Solution="Debug|x64" Project="Debug|Any CPU" />
      <Configuration Solution="Debug|x86" Project="Debug|Any CPU" />
      <Configuration Solution="Release|x64" Project="Release|Any CPU" />
      <Configuration Solution="Release|x86" Project="Release|Any CPU" />
    </Project>
    <Project Path="src\core\InfiniLore.Core.Shared\InfiniLore.Core.Shared.csproj">
      <Configuration Solution="Debug|x64" Project="Debug|Any CPU" />
      <Configuration Solution="Debug|x86" Project="Debug|Any CPU" />
      <Configuration Solution="Release|x64" Project="Release|Any CPU" />
      <Configuration Solution="Release|x86" Project="Release|Any CPU" />
    </Project>
    <Project Path="src\core\InfiniLore.Core\InfiniLore.Core.csproj">
      <Configuration Solution="Debug|x64" Project="Debug|Any CPU" />
      <Configuration Solution="Debug|x86" Project="Debug|Any CPU" />
      <Configuration Solution="Release|x64" Project="Release|Any CPU" />
      <Configuration Solution="Release|x86" Project="Release|Any CPU" />
    </Project>
  </Folder>
  <Folder Name="/src/modules/">
    <File Path="src/modules/Directory.Build.props" />
  </Folder>
  <Folder Name="/src/modules/Assets/">
    <Project Path="src/modules/InfiniLore.Modules.Assets.Shared/InfiniLore.Modules.Assets.Shared.csproj" />
    <Project Path="src/modules/InfiniLore.Modules.Assets/InfiniLore.Modules.Assets.csproj" />
  </Folder>
  <Folder Name="/src/modules/Projects/">
    <Project Path="src/modules/InfiniLore.Modules.Projects.Shared/InfiniLore.Modules.Projects.Shared.csproj" />
    <Project Path="src/modules/InfiniLore.Modules.Projects/InfiniLore.Modules.Projects.csproj" />
  </Folder>
  <Folder Name="/src/modules/Users/">
    <Project Path="src/modules/InfiniLore.Modules.Users.Shared/InfiniLore.Modules.Users.Shared.csproj" />
    <Project Path="src/modules/InfiniLore.Modules.Users/InfiniLore.Modules.Users.csproj" />
  </Folder>
  <Folder Name="/tests/" />
</Solution>