
Microsoft Visual Studio Solution File, Format Version 12.00
Project("{2150E333-8FDC-42A3-9474-1A3956D46DE8}") = ".dev-tools", ".dev-tools", "{EEF7820D-10E1-4D6F-A56E-33C2DCB7A6EF}"
	ProjectSection(SolutionItems) = preProject
		generate-kiota_api_client.ps1 = generate-kiota_api_client.ps1
	EndProjectSection
EndProject
Project("{2150E333-8FDC-42A3-9474-1A3956D46DE8}") = "src", "src", "{7304F551-466C-4016-A729-CDA819CE9983}"
EndProject
Project("{2150E333-8FDC-42A3-9474-1A3956D46DE8}") = "tests", "tests", "{56F59020-E2A2-4187-A847-5CF479A5BFD4}"
EndProject
Project("{FAE04EC0-301F-11D3-BF4B-00C04F79EFBC}") = "InfiniLore.Server", "src\server\InfiniLore.Server\InfiniLore.Server.csproj", "{F0B28254-2412-4C87-8263-88EF9435C2B9}"
EndProject
Project("{FAE04EC0-301F-11D3-BF4B-00C04F79EFBC}") = "InfiniLore.WasmClient", "src\client\InfiniLore.WasmClient\InfiniLore.WasmClient.csproj", "{51DCDAEC-2D16-4C16-A229-1250708EB3D8}"
EndProject
Project("{2150E333-8FDC-42A3-9474-1A3956D46DE8}") = "Server", "Server", "{EB00BE10-6020-4E39-A00F-C202A0165920}"
EndProject
Project("{2150E333-8FDC-42A3-9474-1A3956D46DE8}") = "WasmClient", "WasmClient", "{774835FD-5D7B-41CB-8A2E-48E5F20F377C}"
EndProject
Project("{2150E333-8FDC-42A3-9474-1A3956D46DE8}") = "tailwind", "tailwind", "{C5914BEF-3CBF-428C-9B1B-AD371CD2D5D4}"
	ProjectSection(SolutionItems) = preProject
		package.json = package.json
		tailwind.config.js = tailwind.config.js
	EndProjectSection
EndProject
Project("{FAE04EC0-301F-11D3-BF4B-00C04F79EFBC}") = "InfiniLore.Server.Data", "src\server\InfiniLore.Server.Data\InfiniLore.Server.Data.csproj", "{4A645185-2DF9-48C7-B90A-486630EDBFFE}"
EndProject
Project("{FAE04EC0-301F-11D3-BF4B-00C04F79EFBC}") = "InfiniLore.Server.API", "src\server\InfiniLore.Server.API\InfiniLore.Server.API.csproj", "{EFD0DD77-625A-4B93-90CC-46DADE1AC991}"
EndProject
Project("{2150E333-8FDC-42A3-9474-1A3956D46DE8}") = "Clients", "Clients", "{9837BD46-BACA-4E98-8C3A-52C045FD848F}"
EndProject
Project("{2150E333-8FDC-42A3-9474-1A3956D46DE8}") = "KiotaClient", "KiotaClient", "{B7C12299-7FB3-488E-89FB-B30DDB7480B3}"
EndProject
Project("{FAE04EC0-301F-11D3-BF4B-00C04F79EFBC}") = "InfiniLore.KiotaApiClient", "src\client\InfiniLore.KiotaApiClient\InfiniLore.KiotaApiClient.csproj", "{9081D485-0279-4D05-BD39-2F427C35F79A}"
EndProject
Project("{FAE04EC0-301F-11D3-BF4B-00C04F79EFBC}") = "InfiniLore.Server.Contracts", "src\server\InfiniLore.Server.Contracts\InfiniLore.Server.Contracts.csproj", "{B9B99A14-A2BC-43EF-ADAB-BC027D1A8D9A}"
EndProject
Project("{2150E333-8FDC-42A3-9474-1A3956D46DE8}") = "Contracts - Models", "Contracts - Models", "{A5676B5E-A368-42D1-BBA9-579B36C08924}"
EndProject
Project("{2150E333-8FDC-42A3-9474-1A3956D46DE8}") = "Database", "Database", "{293C9679-45D9-4945-929D-97DF9720B429}"
EndProject
Project("{FAE04EC0-301F-11D3-BF4B-00C04F79EFBC}") = "InfiniLore.Server.Data.Models", "src\server\InfiniLore.Server.Data.Models\InfiniLore.Server.Data.Models.csproj", "{5918E1AF-1E14-4199-B82C-37240BF98186}"
EndProject
Project("{FAE04EC0-301F-11D3-BF4B-00C04F79EFBC}") = "InfiniLoreLib", "src\lib\InfiniLoreLib\InfiniLoreLib.csproj", "{604DA3C0-3668-43D5-8146-EED759D0B057}"
EndProject
Project("{FAE04EC0-301F-11D3-BF4B-00C04F79EFBC}") = "InfiniLore.Server.Services", "src\server\InfiniLore.Server.Services\InfiniLore.Server.Services.csproj", "{53583961-44BE-46D6-A870-9191E5BBDB7E}"
EndProject
Global
	GlobalSection(SolutionConfigurationPlatforms) = preSolution
		Debug|Any CPU = Debug|Any CPU
		Release|Any CPU = Release|Any CPU
	EndGlobalSection
	GlobalSection(ProjectConfigurationPlatforms) = postSolution
		{F0B28254-2412-4C87-8263-88EF9435C2B9}.Debug|Any CPU.ActiveCfg = Debug|Any CPU
		{F0B28254-2412-4C87-8263-88EF9435C2B9}.Debug|Any CPU.Build.0 = Debug|Any CPU
		{F0B28254-2412-4C87-8263-88EF9435C2B9}.Release|Any CPU.ActiveCfg = Release|Any CPU
		{F0B28254-2412-4C87-8263-88EF9435C2B9}.Release|Any CPU.Build.0 = Release|Any CPU
		{51DCDAEC-2D16-4C16-A229-1250708EB3D8}.Debug|Any CPU.ActiveCfg = Debug|Any CPU
		{51DCDAEC-2D16-4C16-A229-1250708EB3D8}.Debug|Any CPU.Build.0 = Debug|Any CPU
		{51DCDAEC-2D16-4C16-A229-1250708EB3D8}.Release|Any CPU.ActiveCfg = Release|Any CPU
		{51DCDAEC-2D16-4C16-A229-1250708EB3D8}.Release|Any CPU.Build.0 = Release|Any CPU
		{4A645185-2DF9-48C7-B90A-486630EDBFFE}.Debug|Any CPU.ActiveCfg = Debug|Any CPU
		{4A645185-2DF9-48C7-B90A-486630EDBFFE}.Debug|Any CPU.Build.0 = Debug|Any CPU
		{4A645185-2DF9-48C7-B90A-486630EDBFFE}.Release|Any CPU.ActiveCfg = Release|Any CPU
		{4A645185-2DF9-48C7-B90A-486630EDBFFE}.Release|Any CPU.Build.0 = Release|Any CPU
		{EFD0DD77-625A-4B93-90CC-46DADE1AC991}.Debug|Any CPU.ActiveCfg = Debug|Any CPU
		{EFD0DD77-625A-4B93-90CC-46DADE1AC991}.Debug|Any CPU.Build.0 = Debug|Any CPU
		{EFD0DD77-625A-4B93-90CC-46DADE1AC991}.Release|Any CPU.ActiveCfg = Release|Any CPU
		{EFD0DD77-625A-4B93-90CC-46DADE1AC991}.Release|Any CPU.Build.0 = Release|Any CPU
		{9081D485-0279-4D05-BD39-2F427C35F79A}.Debug|Any CPU.ActiveCfg = Debug|Any CPU
		{9081D485-0279-4D05-BD39-2F427C35F79A}.Debug|Any CPU.Build.0 = Debug|Any CPU
		{9081D485-0279-4D05-BD39-2F427C35F79A}.Release|Any CPU.ActiveCfg = Release|Any CPU
		{9081D485-0279-4D05-BD39-2F427C35F79A}.Release|Any CPU.Build.0 = Release|Any CPU
		{B9B99A14-A2BC-43EF-ADAB-BC027D1A8D9A}.Debug|Any CPU.ActiveCfg = Debug|Any CPU
		{B9B99A14-A2BC-43EF-ADAB-BC027D1A8D9A}.Debug|Any CPU.Build.0 = Debug|Any CPU
		{B9B99A14-A2BC-43EF-ADAB-BC027D1A8D9A}.Release|Any CPU.ActiveCfg = Release|Any CPU
		{B9B99A14-A2BC-43EF-ADAB-BC027D1A8D9A}.Release|Any CPU.Build.0 = Release|Any CPU
		{5918E1AF-1E14-4199-B82C-37240BF98186}.Debug|Any CPU.ActiveCfg = Debug|Any CPU
		{5918E1AF-1E14-4199-B82C-37240BF98186}.Debug|Any CPU.Build.0 = Debug|Any CPU
		{5918E1AF-1E14-4199-B82C-37240BF98186}.Release|Any CPU.ActiveCfg = Release|Any CPU
		{5918E1AF-1E14-4199-B82C-37240BF98186}.Release|Any CPU.Build.0 = Release|Any CPU
		{604DA3C0-3668-43D5-8146-EED759D0B057}.Debug|Any CPU.ActiveCfg = Debug|Any CPU
		{604DA3C0-3668-43D5-8146-EED759D0B057}.Debug|Any CPU.Build.0 = Debug|Any CPU
		{604DA3C0-3668-43D5-8146-EED759D0B057}.Release|Any CPU.ActiveCfg = Release|Any CPU
		{604DA3C0-3668-43D5-8146-EED759D0B057}.Release|Any CPU.Build.0 = Release|Any CPU
		{53583961-44BE-46D6-A870-9191E5BBDB7E}.Debug|Any CPU.ActiveCfg = Debug|Any CPU
		{53583961-44BE-46D6-A870-9191E5BBDB7E}.Debug|Any CPU.Build.0 = Debug|Any CPU
		{53583961-44BE-46D6-A870-9191E5BBDB7E}.Release|Any CPU.ActiveCfg = Release|Any CPU
		{53583961-44BE-46D6-A870-9191E5BBDB7E}.Release|Any CPU.Build.0 = Release|Any CPU
	EndGlobalSection
	GlobalSection(NestedProjects) = preSolution
		{EB00BE10-6020-4E39-A00F-C202A0165920} = {7304F551-466C-4016-A729-CDA819CE9983}
		{F0B28254-2412-4C87-8263-88EF9435C2B9} = {EB00BE10-6020-4E39-A00F-C202A0165920}
		{51DCDAEC-2D16-4C16-A229-1250708EB3D8} = {774835FD-5D7B-41CB-8A2E-48E5F20F377C}
		{C5914BEF-3CBF-428C-9B1B-AD371CD2D5D4} = {EEF7820D-10E1-4D6F-A56E-33C2DCB7A6EF}
		{EFD0DD77-625A-4B93-90CC-46DADE1AC991} = {EB00BE10-6020-4E39-A00F-C202A0165920}
		{9837BD46-BACA-4E98-8C3A-52C045FD848F} = {7304F551-466C-4016-A729-CDA819CE9983}
		{774835FD-5D7B-41CB-8A2E-48E5F20F377C} = {9837BD46-BACA-4E98-8C3A-52C045FD848F}
		{B7C12299-7FB3-488E-89FB-B30DDB7480B3} = {9837BD46-BACA-4E98-8C3A-52C045FD848F}
		{9081D485-0279-4D05-BD39-2F427C35F79A} = {B7C12299-7FB3-488E-89FB-B30DDB7480B3}
		{A5676B5E-A368-42D1-BBA9-579B36C08924} = {EB00BE10-6020-4E39-A00F-C202A0165920}
		{B9B99A14-A2BC-43EF-ADAB-BC027D1A8D9A} = {A5676B5E-A368-42D1-BBA9-579B36C08924}
		{293C9679-45D9-4945-929D-97DF9720B429} = {EB00BE10-6020-4E39-A00F-C202A0165920}
		{4A645185-2DF9-48C7-B90A-486630EDBFFE} = {293C9679-45D9-4945-929D-97DF9720B429}
		{5918E1AF-1E14-4199-B82C-37240BF98186} = {A5676B5E-A368-42D1-BBA9-579B36C08924}
		{604DA3C0-3668-43D5-8146-EED759D0B057} = {7304F551-466C-4016-A729-CDA819CE9983}
		{53583961-44BE-46D6-A870-9191E5BBDB7E} = {EB00BE10-6020-4E39-A00F-C202A0165920}
	EndGlobalSection
EndGlobal
