<Solution>
  <Configurations>
    <Platform Name="Any CPU" />
    <Platform Name="x64" />
    <Platform Name="x86" />
  </Configurations>
  <Folder Name="/.dev-tools/">
    <File Path="Directory.Packages.props" />
  </Folder>
  <Folder Name="/.dev-tools/web/">
    <File Path="package.json" />
    <File Path="tsconfig.json" />
    <File Path="webpack.config.js" />
  </Folder>
</Solution>